
Microsoft Visual Studio Solution File, Format Version 12.00
# Visual Studio Version 17
VisualStudioVersion = 17.3.32929.385
MinimumVisualStudioVersion = 10.0.40219.1
Project("{FAE04EC0-301F-11D3-BF4B-00C04F79EFBC}") = "PhoneListApp3", "PhoneListApp3\PhoneListApp3.csproj", "{AE92A6C9-EB7C-4A89-A48F-0A3C2F2F7AA7}"
EndProject
Global
	GlobalSection(SolutionConfigurationPlatforms) = preSolution
		Debug|Any CPU = Debug|Any CPU
		Release|Any CPU = Release|Any CPU
	EndGlobalSection
	GlobalSection(ProjectConfigurationPlatforms) = postSolution
		{AE92A6C9-EB7C-4A89-A48F-0A3C2F2F7AA7}.Debug|Any CPU.ActiveCfg = Debug|Any CPU
		{AE92A6C9-EB7C-4A89-A48F-0A3C2F2F7AA7}.Debug|Any CPU.Build.0 = Debug|Any CPU
		{AE92A6C9-EB7C-4A89-A48F-0A3C2F2F7AA7}.Release|Any CPU.ActiveCfg = Release|Any CPU
		{AE92A6C9-EB7C-4A89-A48F-0A3C2F2F7AA7}.Release|Any CPU.Build.0 = Release|Any CPU
	EndGlobalSection
	GlobalSection(SolutionProperties) = preSolution
		HideSolutionNode = FALSE
	EndGlobalSection
	GlobalSection(ExtensibilityGlobals) = postSolution
		SolutionGuid = {E9EC4ED6-B1D0-48E9-A3B2-41F43F7AB908}
	EndGlobalSection
EndGlobal
